
Microsoft Visual Studio Solution File, Format Version 12.00
# Visual Studio Version 17
VisualStudioVersion = 17.9.34616.47
MinimumVisualStudioVersion = 10.0.40219.1
Project("{FAE04EC0-301F-11D3-BF4B-00C04F79EFBC}") = "OML", "OML\OML.csproj", "{29CE5043-5ADA-493F-A4C3-272B25BB5F61}"
EndProject
Project("{2150E333-8FDC-42A3-9474-1A3956D46DE8}") = "Test", "Test", "{7A75A32E-76BD-491F-A929-DCA3B1089B51}"
EndProject
Project("{2150E333-8FDC-42A3-9474-1A3956D46DE8}") = "Root Project", "Root Project", "{BE76B3E4-D066-4116-AA28-30A33D066BFC}"
	ProjectSection(SolutionItems) = preProject
		.editorconfig = .editorconfig
		.gitignore = .gitignore
		LICENSE = LICENSE
		README.md = README.md
	EndProjectSection
EndProject
Project("{2150E333-8FDC-42A3-9474-1A3956D46DE8}") = "Mod", "Mod", "{820BA0FA-B675-4CCD-A5A9-0A5EB7122D6C}"
EndProject
Project("{FAE04EC0-301F-11D3-BF4B-00C04F79EFBC}") = "IceCream", "Test\Mod\IceCream\IceCream.csproj", "{0A84E369-D151-49B6-9868-8DF5EB971AEB}"
EndProject
Project("{FAE04EC0-301F-11D3-BF4B-00C04F79EFBC}") = "MilkTea", "Test\Mod\MilkTea\MilkTea.csproj", "{67BDD2C1-6F6A-4852-B6BD-2D955B8602A2}"
EndProject
Global
	GlobalSection(SolutionConfigurationPlatforms) = preSolution
		Debug|Any CPU = Debug|Any CPU
		Debug|x64 = Debug|x64
		Debug|x86 = Debug|x86
		Release|Any CPU = Release|Any CPU
		Release|x64 = Release|x64
		Release|x86 = Release|x86
	EndGlobalSection
	GlobalSection(ProjectConfigurationPlatforms) = postSolution
		{29CE5043-5ADA-493F-A4C3-272B25BB5F61}.Debug|Any CPU.ActiveCfg = Debug|Any CPU
		{29CE5043-5ADA-493F-A4C3-272B25BB5F61}.Debug|Any CPU.Build.0 = Debug|Any CPU
		{29CE5043-5ADA-493F-A4C3-272B25BB5F61}.Debug|x64.ActiveCfg = Debug|Any CPU
		{29CE5043-5ADA-493F-A4C3-272B25BB5F61}.Debug|x64.Build.0 = Debug|Any CPU
		{29CE5043-5ADA-493F-A4C3-272B25BB5F61}.Debug|x86.ActiveCfg = Debug|Any CPU
		{29CE5043-5ADA-493F-A4C3-272B25BB5F61}.Debug|x86.Build.0 = Debug|Any CPU
		{29CE5043-5ADA-493F-A4C3-272B25BB5F61}.Release|Any CPU.ActiveCfg = Release|Any CPU
		{29CE5043-5ADA-493F-A4C3-272B25BB5F61}.Release|Any CPU.Build.0 = Release|Any CPU
		{29CE5043-5ADA-493F-A4C3-272B25BB5F61}.Release|x64.ActiveCfg = Release|Any CPU
		{29CE5043-5ADA-493F-A4C3-272B25BB5F61}.Release|x64.Build.0 = Release|Any CPU
		{29CE5043-5ADA-493F-A4C3-272B25BB5F61}.Release|x86.ActiveCfg = Release|Any CPU
		{29CE5043-5ADA-493F-A4C3-272B25BB5F61}.Release|x86.Build.0 = Release|Any CPU
		{0A84E369-D151-49B6-9868-8DF5EB971AEB}.Debug|Any CPU.ActiveCfg = Debug|Any CPU
		{0A84E369-D151-49B6-9868-8DF5EB971AEB}.Debug|Any CPU.Build.0 = Debug|Any CPU
		{0A84E369-D151-49B6-9868-8DF5EB971AEB}.Debug|x64.ActiveCfg = Debug|Any CPU
		{0A84E369-D151-49B6-9868-8DF5EB971AEB}.Debug|x64.Build.0 = Debug|Any CPU
		{0A84E369-D151-49B6-9868-8DF5EB971AEB}.Debug|x86.ActiveCfg = Debug|Any CPU
		{0A84E369-D151-49B6-9868-8DF5EB971AEB}.Debug|x86.Build.0 = Debug|Any CPU
		{0A84E369-D151-49B6-9868-8DF5EB971AEB}.Release|Any CPU.ActiveCfg = Release|Any CPU
		{0A84E369-D151-49B6-9868-8DF5EB971AEB}.Release|Any CPU.Build.0 = Release|Any CPU
		{0A84E369-D151-49B6-9868-8DF5EB971AEB}.Release|x64.ActiveCfg = Release|Any CPU
		{0A84E369-D151-49B6-9868-8DF5EB971AEB}.Release|x64.Build.0 = Release|Any CPU
		{0A84E369-D151-49B6-9868-8DF5EB971AEB}.Release|x86.ActiveCfg = Release|Any CPU
		{0A84E369-D151-49B6-9868-8DF5EB971AEB}.Release|x86.Build.0 = Release|Any CPU
		{67BDD2C1-6F6A-4852-B6BD-2D955B8602A2}.Debug|Any CPU.ActiveCfg = Debug|Any CPU
		{67BDD2C1-6F6A-4852-B6BD-2D955B8602A2}.Debug|Any CPU.Build.0 = Debug|Any CPU
		{67BDD2C1-6F6A-4852-B6BD-2D955B8602A2}.Debug|x64.ActiveCfg = Debug|Any CPU
		{67BDD2C1-6F6A-4852-B6BD-2D955B8602A2}.Debug|x64.Build.0 = Debug|Any CPU
		{67BDD2C1-6F6A-4852-B6BD-2D955B8602A2}.Debug|x86.ActiveCfg = Debug|Any CPU
		{67BDD2C1-6F6A-4852-B6BD-2D955B8602A2}.Debug|x86.Build.0 = Debug|Any CPU
		{67BDD2C1-6F6A-4852-B6BD-2D955B8602A2}.Release|Any CPU.ActiveCfg = Release|Any CPU
		{67BDD2C1-6F6A-4852-B6BD-2D955B8602A2}.Release|Any CPU.Build.0 = Release|Any CPU
		{67BDD2C1-6F6A-4852-B6BD-2D955B8602A2}.Release|x64.ActiveCfg = Release|Any CPU
		{67BDD2C1-6F6A-4852-B6BD-2D955B8602A2}.Release|x64.Build.0 = Release|Any CPU
		{67BDD2C1-6F6A-4852-B6BD-2D955B8602A2}.Release|x86.ActiveCfg = Release|Any CPU
		{67BDD2C1-6F6A-4852-B6BD-2D955B8602A2}.Release|x86.Build.0 = Release|Any CPU
	EndGlobalSection
	GlobalSection(SolutionProperties) = preSolution
		HideSolutionNode = FALSE
	EndGlobalSection
	GlobalSection(NestedProjects) = preSolution
		{820BA0FA-B675-4CCD-A5A9-0A5EB7122D6C} = {7A75A32E-76BD-491F-A929-DCA3B1089B51}
		{0A84E369-D151-49B6-9868-8DF5EB971AEB} = {820BA0FA-B675-4CCD-A5A9-0A5EB7122D6C}
		{67BDD2C1-6F6A-4852-B6BD-2D955B8602A2} = {820BA0FA-B675-4CCD-A5A9-0A5EB7122D6C}
	EndGlobalSection
	GlobalSection(ExtensibilityGlobals) = postSolution
		SolutionGuid = {F9560FF4-5873-432D-B6F9-B160FC785F86}
	EndGlobalSection
EndGlobal
